
Microsoft Visual Studio Solution File, Format Version 11.00
# Visual Studio 2010
Project("{8BC9CEB8-8B4A-11D0-8D11-00A0C91BC942}") = "OcvWrapperDLL", "OcvWrapperDLL\OcvWrapperDLL.vcxproj", "{2B58DE1A-7CFA-45F9-A306-364BCDD02EF6}"
EndProject
Project("{FAE04EC0-301F-11D3-BF4B-00C04F79EFBC}") = "VideoAnnotationAPP", "VideoAnnotationAPP\VideoAnnotationAPP.csproj", "{DB7BE1DC-E2B5-4178-8568-C5CF96AB4247}"
EndProject
Project("{8BC9CEB8-8B4A-11D0-8D11-00A0C91BC942}") = "OcvWrapperMfcDLL", "OcvWrapperMfcDLL\OcvWrapperMfcDLL.vcxproj", "{540224DF-352F-48C0-A67E-BC027BEDA99D}"
EndProject
Project("{FAE04EC0-301F-11D3-BF4B-00C04F79EFBC}") = "MultiviewAnnotationAPP", "MultiviewAnnotationAPP\MultiviewAnnotationAPP.csproj", "{C00B2E15-A013-4C3D-9C77-9135A31968F3}"
EndProject
Project("{FAE04EC0-301F-11D3-BF4B-00C04F79EFBC}") = "UniversalAnnotationApp", "UniversalAnnotationApp\UniversalAnnotationApp.csproj", "{25D2503A-45B6-42B0-B5F0-F450F1B24F99}"
EndProject
Project("{FAE04EC0-301F-11D3-BF4B-00C04F79EFBC}") = "MarkupData", "MarkupDataProvider\MarkupData.csproj", "{CAFF6E5E-EB0F-42A4-8957-DA60A3A8FDC6}"
EndProject
Project("{FAE04EC0-301F-11D3-BF4B-00C04F79EFBC}") = "MarkupDataTester", "MarkupDataTester\MarkupDataTester.csproj", "{83FCEEDF-612A-4C59-BED7-FC1AE604E82B}"
EndProject
Project("{FAE04EC0-301F-11D3-BF4B-00C04F79EFBC}") = "CameraData", "CameraData\CameraData.csproj", "{12CF7313-6D58-4061-A1D7-1A6E41E007D3}"
EndProject
Project("{FAE04EC0-301F-11D3-BF4B-00C04F79EFBC}") = "CameraDataTester", "CameraDataTester\CameraDataTester.csproj", "{3369E241-DB8A-48DC-B67D-A9032690B8E1}"
EndProject
Project("{FAE04EC0-301F-11D3-BF4B-00C04F79EFBC}") = "DisplayControlTester", "DisplayControlTester\DisplayControlTester.csproj", "{AD3CD201-4CF1-490F-BFE4-4148769F65A5}"
EndProject
Project("{FAE04EC0-301F-11D3-BF4B-00C04F79EFBC}") = "DisplayControlWpf", "DisplayControlWpf\DisplayControlWpf.csproj", "{10209F0D-3887-4809-9F08-86653D0E5B1C}"
EndProject
Project("{FAE04EC0-301F-11D3-BF4B-00C04F79EFBC}") = "TraceData", "TraceData\TraceData.csproj", "{875A609B-6531-4D1A-9C95-F5A7A0E51E80}"
EndProject
Project("{FAE04EC0-301F-11D3-BF4B-00C04F79EFBC}") = "DisplayControlWin", "DisplayControlWin\DisplayControlWin.csproj", "{C3A915C4-943E-4ED8-B8F2-FC38B726C3A0}"
EndProject
Global
	GlobalSection(SolutionConfigurationPlatforms) = preSolution
		Debug|Any CPU = Debug|Any CPU
		Debug|Mixed Platforms = Debug|Mixed Platforms
		Debug|Win32 = Debug|Win32
		Debug|x86 = Debug|x86
		Release|Any CPU = Release|Any CPU
		Release|Mixed Platforms = Release|Mixed Platforms
		Release|Win32 = Release|Win32
		Release|x86 = Release|x86
	EndGlobalSection
	GlobalSection(ProjectConfigurationPlatforms) = postSolution
		{2B58DE1A-7CFA-45F9-A306-364BCDD02EF6}.Debug|Any CPU.ActiveCfg = Debug|Win32
		{2B58DE1A-7CFA-45F9-A306-364BCDD02EF6}.Debug|Mixed Platforms.ActiveCfg = Debug|Win32
		{2B58DE1A-7CFA-45F9-A306-364BCDD02EF6}.Debug|Mixed Platforms.Build.0 = Debug|Win32
		{2B58DE1A-7CFA-45F9-A306-364BCDD02EF6}.Debug|Win32.ActiveCfg = Debug|Win32
		{2B58DE1A-7CFA-45F9-A306-364BCDD02EF6}.Debug|Win32.Build.0 = Debug|Win32
		{2B58DE1A-7CFA-45F9-A306-364BCDD02EF6}.Debug|x86.ActiveCfg = Debug|Win32
		{2B58DE1A-7CFA-45F9-A306-364BCDD02EF6}.Release|Any CPU.ActiveCfg = Release|Win32
		{2B58DE1A-7CFA-45F9-A306-364BCDD02EF6}.Release|Mixed Platforms.ActiveCfg = Release|Win32
		{2B58DE1A-7CFA-45F9-A306-364BCDD02EF6}.Release|Mixed Platforms.Build.0 = Release|Win32
		{2B58DE1A-7CFA-45F9-A306-364BCDD02EF6}.Release|Win32.ActiveCfg = Release|Win32
		{2B58DE1A-7CFA-45F9-A306-364BCDD02EF6}.Release|Win32.Build.0 = Release|Win32
		{2B58DE1A-7CFA-45F9-A306-364BCDD02EF6}.Release|x86.ActiveCfg = Release|Win32
		{DB7BE1DC-E2B5-4178-8568-C5CF96AB4247}.Debug|Any CPU.ActiveCfg = Debug|x86
		{DB7BE1DC-E2B5-4178-8568-C5CF96AB4247}.Debug|Mixed Platforms.ActiveCfg = Debug|x86
		{DB7BE1DC-E2B5-4178-8568-C5CF96AB4247}.Debug|Mixed Platforms.Build.0 = Debug|x86
		{DB7BE1DC-E2B5-4178-8568-C5CF96AB4247}.Debug|Win32.ActiveCfg = Debug|x86
		{DB7BE1DC-E2B5-4178-8568-C5CF96AB4247}.Debug|x86.ActiveCfg = Debug|x86
		{DB7BE1DC-E2B5-4178-8568-C5CF96AB4247}.Debug|x86.Build.0 = Debug|x86
		{DB7BE1DC-E2B5-4178-8568-C5CF96AB4247}.Release|Any CPU.ActiveCfg = Release|x86
		{DB7BE1DC-E2B5-4178-8568-C5CF96AB4247}.Release|Mixed Platforms.ActiveCfg = Release|x86
		{DB7BE1DC-E2B5-4178-8568-C5CF96AB4247}.Release|Mixed Platforms.Build.0 = Release|x86
		{DB7BE1DC-E2B5-4178-8568-C5CF96AB4247}.Release|Win32.ActiveCfg = Release|x86
		{DB7BE1DC-E2B5-4178-8568-C5CF96AB4247}.Release|x86.ActiveCfg = Release|x86
		{DB7BE1DC-E2B5-4178-8568-C5CF96AB4247}.Release|x86.Build.0 = Release|x86
		{540224DF-352F-48C0-A67E-BC027BEDA99D}.Debug|Any CPU.ActiveCfg = Debug|Win32
		{540224DF-352F-48C0-A67E-BC027BEDA99D}.Debug|Mixed Platforms.ActiveCfg = Debug|Win32
		{540224DF-352F-48C0-A67E-BC027BEDA99D}.Debug|Mixed Platforms.Build.0 = Debug|Win32
		{540224DF-352F-48C0-A67E-BC027BEDA99D}.Debug|Win32.ActiveCfg = Debug|Win32
		{540224DF-352F-48C0-A67E-BC027BEDA99D}.Debug|Win32.Build.0 = Debug|Win32
		{540224DF-352F-48C0-A67E-BC027BEDA99D}.Debug|x86.ActiveCfg = Debug|Win32
		{540224DF-352F-48C0-A67E-BC027BEDA99D}.Release|Any CPU.ActiveCfg = Release|Win32
		{540224DF-352F-48C0-A67E-BC027BEDA99D}.Release|Mixed Platforms.ActiveCfg = Release|Win32
		{540224DF-352F-48C0-A67E-BC027BEDA99D}.Release|Mixed Platforms.Build.0 = Release|Win32
		{540224DF-352F-48C0-A67E-BC027BEDA99D}.Release|Win32.ActiveCfg = Release|Win32
		{540224DF-352F-48C0-A67E-BC027BEDA99D}.Release|Win32.Build.0 = Release|Win32
		{540224DF-352F-48C0-A67E-BC027BEDA99D}.Release|x86.ActiveCfg = Release|Win32
		{C00B2E15-A013-4C3D-9C77-9135A31968F3}.Debug|Any CPU.ActiveCfg = Debug|x86
		{C00B2E15-A013-4C3D-9C77-9135A31968F3}.Debug|Mixed Platforms.ActiveCfg = Debug|x86
		{C00B2E15-A013-4C3D-9C77-9135A31968F3}.Debug|Mixed Platforms.Build.0 = Debug|x86
		{C00B2E15-A013-4C3D-9C77-9135A31968F3}.Debug|Win32.ActiveCfg = Debug|x86
		{C00B2E15-A013-4C3D-9C77-9135A31968F3}.Debug|x86.ActiveCfg = Debug|x86
		{C00B2E15-A013-4C3D-9C77-9135A31968F3}.Debug|x86.Build.0 = Debug|x86
		{C00B2E15-A013-4C3D-9C77-9135A31968F3}.Release|Any CPU.ActiveCfg = Release|x86
		{C00B2E15-A013-4C3D-9C77-9135A31968F3}.Release|Mixed Platforms.ActiveCfg = Release|x86
		{C00B2E15-A013-4C3D-9C77-9135A31968F3}.Release|Mixed Platforms.Build.0 = Release|x86
		{C00B2E15-A013-4C3D-9C77-9135A31968F3}.Release|Win32.ActiveCfg = Release|x86
		{C00B2E15-A013-4C3D-9C77-9135A31968F3}.Release|x86.ActiveCfg = Release|x86
		{C00B2E15-A013-4C3D-9C77-9135A31968F3}.Release|x86.Build.0 = Release|x86
		{25D2503A-45B6-42B0-B5F0-F450F1B24F99}.Debug|Any CPU.ActiveCfg = Debug|x86
		{25D2503A-45B6-42B0-B5F0-F450F1B24F99}.Debug|Mixed Platforms.ActiveCfg = Debug|x86
		{25D2503A-45B6-42B0-B5F0-F450F1B24F99}.Debug|Mixed Platforms.Build.0 = Debug|x86
		{25D2503A-45B6-42B0-B5F0-F450F1B24F99}.Debug|Win32.ActiveCfg = Debug|x86
		{25D2503A-45B6-42B0-B5F0-F450F1B24F99}.Debug|x86.ActiveCfg = Debug|x86
		{25D2503A-45B6-42B0-B5F0-F450F1B24F99}.Debug|x86.Build.0 = Debug|x86
		{25D2503A-45B6-42B0-B5F0-F450F1B24F99}.Release|Any CPU.ActiveCfg = Release|x86
		{25D2503A-45B6-42B0-B5F0-F450F1B24F99}.Release|Mixed Platforms.ActiveCfg = Release|x86
		{25D2503A-45B6-42B0-B5F0-F450F1B24F99}.Release|Mixed Platforms.Build.0 = Release|x86
		{25D2503A-45B6-42B0-B5F0-F450F1B24F99}.Release|Win32.ActiveCfg = Release|x86
		{25D2503A-45B6-42B0-B5F0-F450F1B24F99}.Release|x86.ActiveCfg = Release|x86
		{25D2503A-45B6-42B0-B5F0-F450F1B24F99}.Release|x86.Build.0 = Release|x86
		{CAFF6E5E-EB0F-42A4-8957-DA60A3A8FDC6}.Debug|Any CPU.ActiveCfg = Debug|Any CPU
		{CAFF6E5E-EB0F-42A4-8957-DA60A3A8FDC6}.Debug|Any CPU.Build.0 = Debug|Any CPU
		{CAFF6E5E-EB0F-42A4-8957-DA60A3A8FDC6}.Debug|Mixed Platforms.ActiveCfg = Debug|Any CPU
		{CAFF6E5E-EB0F-42A4-8957-DA60A3A8FDC6}.Debug|Mixed Platforms.Build.0 = Debug|Any CPU
		{CAFF6E5E-EB0F-42A4-8957-DA60A3A8FDC6}.Debug|Win32.ActiveCfg = Debug|Any CPU
		{CAFF6E5E-EB0F-42A4-8957-DA60A3A8FDC6}.Debug|x86.ActiveCfg = Debug|Any CPU
		{CAFF6E5E-EB0F-42A4-8957-DA60A3A8FDC6}.Release|Any CPU.ActiveCfg = Release|Any CPU
		{CAFF6E5E-EB0F-42A4-8957-DA60A3A8FDC6}.Release|Any CPU.Build.0 = Release|Any CPU
		{CAFF6E5E-EB0F-42A4-8957-DA60A3A8FDC6}.Release|Mixed Platforms.ActiveCfg = Release|Any CPU
		{CAFF6E5E-EB0F-42A4-8957-DA60A3A8FDC6}.Release|Mixed Platforms.Build.0 = Release|Any CPU
		{CAFF6E5E-EB0F-42A4-8957-DA60A3A8FDC6}.Release|Win32.ActiveCfg = Release|Any CPU
		{CAFF6E5E-EB0F-42A4-8957-DA60A3A8FDC6}.Release|x86.ActiveCfg = Release|Any CPU
		{83FCEEDF-612A-4C59-BED7-FC1AE604E82B}.Debug|Any CPU.ActiveCfg = Debug|x86
		{83FCEEDF-612A-4C59-BED7-FC1AE604E82B}.Debug|Mixed Platforms.ActiveCfg = Debug|x86
		{83FCEEDF-612A-4C59-BED7-FC1AE604E82B}.Debug|Mixed Platforms.Build.0 = Debug|x86
		{83FCEEDF-612A-4C59-BED7-FC1AE604E82B}.Debug|Win32.ActiveCfg = Debug|x86
		{83FCEEDF-612A-4C59-BED7-FC1AE604E82B}.Debug|x86.ActiveCfg = Debug|x86
		{83FCEEDF-612A-4C59-BED7-FC1AE604E82B}.Debug|x86.Build.0 = Debug|x86
		{83FCEEDF-612A-4C59-BED7-FC1AE604E82B}.Release|Any CPU.ActiveCfg = Release|x86
		{83FCEEDF-612A-4C59-BED7-FC1AE604E82B}.Release|Mixed Platforms.ActiveCfg = Release|x86
		{83FCEEDF-612A-4C59-BED7-FC1AE604E82B}.Release|Mixed Platforms.Build.0 = Release|x86
		{83FCEEDF-612A-4C59-BED7-FC1AE604E82B}.Release|Win32.ActiveCfg = Release|x86
		{83FCEEDF-612A-4C59-BED7-FC1AE604E82B}.Release|x86.ActiveCfg = Release|x86
		{83FCEEDF-612A-4C59-BED7-FC1AE604E82B}.Release|x86.Build.0 = Release|x86
		{12CF7313-6D58-4061-A1D7-1A6E41E007D3}.Debug|Any CPU.ActiveCfg = Debug|Any CPU
		{12CF7313-6D58-4061-A1D7-1A6E41E007D3}.Debug|Any CPU.Build.0 = Debug|Any CPU
		{12CF7313-6D58-4061-A1D7-1A6E41E007D3}.Debug|Mixed Platforms.ActiveCfg = Debug|Any CPU
		{12CF7313-6D58-4061-A1D7-1A6E41E007D3}.Debug|Mixed Platforms.Build.0 = Debug|Any CPU
		{12CF7313-6D58-4061-A1D7-1A6E41E007D3}.Debug|Win32.ActiveCfg = Debug|Any CPU
		{12CF7313-6D58-4061-A1D7-1A6E41E007D3}.Debug|x86.ActiveCfg = Debug|Any CPU
		{12CF7313-6D58-4061-A1D7-1A6E41E007D3}.Release|Any CPU.ActiveCfg = Release|Any CPU
		{12CF7313-6D58-4061-A1D7-1A6E41E007D3}.Release|Any CPU.Build.0 = Release|Any CPU
		{12CF7313-6D58-4061-A1D7-1A6E41E007D3}.Release|Mixed Platforms.ActiveCfg = Release|Any CPU
		{12CF7313-6D58-4061-A1D7-1A6E41E007D3}.Release|Mixed Platforms.Build.0 = Release|Any CPU
		{12CF7313-6D58-4061-A1D7-1A6E41E007D3}.Release|Win32.ActiveCfg = Release|Any CPU
		{12CF7313-6D58-4061-A1D7-1A6E41E007D3}.Release|x86.ActiveCfg = Release|Any CPU
		{3369E241-DB8A-48DC-B67D-A9032690B8E1}.Debug|Any CPU.ActiveCfg = Debug|x86
		{3369E241-DB8A-48DC-B67D-A9032690B8E1}.Debug|Mixed Platforms.ActiveCfg = Debug|x86
		{3369E241-DB8A-48DC-B67D-A9032690B8E1}.Debug|Mixed Platforms.Build.0 = Debug|x86
		{3369E241-DB8A-48DC-B67D-A9032690B8E1}.Debug|Win32.ActiveCfg = Debug|x86
		{3369E241-DB8A-48DC-B67D-A9032690B8E1}.Debug|x86.ActiveCfg = Debug|x86
		{3369E241-DB8A-48DC-B67D-A9032690B8E1}.Debug|x86.Build.0 = Debug|x86
		{3369E241-DB8A-48DC-B67D-A9032690B8E1}.Release|Any CPU.ActiveCfg = Release|x86
		{3369E241-DB8A-48DC-B67D-A9032690B8E1}.Release|Mixed Platforms.ActiveCfg = Release|x86
		{3369E241-DB8A-48DC-B67D-A9032690B8E1}.Release|Mixed Platforms.Build.0 = Release|x86
		{3369E241-DB8A-48DC-B67D-A9032690B8E1}.Release|Win32.ActiveCfg = Release|x86
		{3369E241-DB8A-48DC-B67D-A9032690B8E1}.Release|x86.ActiveCfg = Release|x86
		{3369E241-DB8A-48DC-B67D-A9032690B8E1}.Release|x86.Build.0 = Release|x86
		{AD3CD201-4CF1-490F-BFE4-4148769F65A5}.Debug|Any CPU.ActiveCfg = Debug|x86
		{AD3CD201-4CF1-490F-BFE4-4148769F65A5}.Debug|Mixed Platforms.ActiveCfg = Debug|x86
		{AD3CD201-4CF1-490F-BFE4-4148769F65A5}.Debug|Mixed Platforms.Build.0 = Debug|x86
		{AD3CD201-4CF1-490F-BFE4-4148769F65A5}.Debug|Win32.ActiveCfg = Debug|x86
		{AD3CD201-4CF1-490F-BFE4-4148769F65A5}.Debug|x86.ActiveCfg = Debug|x86
		{AD3CD201-4CF1-490F-BFE4-4148769F65A5}.Debug|x86.Build.0 = Debug|x86
		{AD3CD201-4CF1-490F-BFE4-4148769F65A5}.Release|Any CPU.ActiveCfg = Release|x86
		{AD3CD201-4CF1-490F-BFE4-4148769F65A5}.Release|Mixed Platforms.ActiveCfg = Release|x86
		{AD3CD201-4CF1-490F-BFE4-4148769F65A5}.Release|Mixed Platforms.Build.0 = Release|x86
		{AD3CD201-4CF1-490F-BFE4-4148769F65A5}.Release|Win32.ActiveCfg = Release|x86
		{AD3CD201-4CF1-490F-BFE4-4148769F65A5}.Release|x86.ActiveCfg = Release|x86
		{AD3CD201-4CF1-490F-BFE4-4148769F65A5}.Release|x86.Build.0 = Release|x86
		{10209F0D-3887-4809-9F08-86653D0E5B1C}.Debug|Any CPU.ActiveCfg = Debug|Any CPU
		{10209F0D-3887-4809-9F08-86653D0E5B1C}.Debug|Any CPU.Build.0 = Debug|Any CPU
		{10209F0D-3887-4809-9F08-86653D0E5B1C}.Debug|Mixed Platforms.ActiveCfg = Debug|Any CPU
		{10209F0D-3887-4809-9F08-86653D0E5B1C}.Debug|Mixed Platforms.Build.0 = Debug|Any CPU
		{10209F0D-3887-4809-9F08-86653D0E5B1C}.Debug|Win32.ActiveCfg = Debug|Any CPU
		{10209F0D-3887-4809-9F08-86653D0E5B1C}.Debug|x86.ActiveCfg = Debug|Any CPU
		{10209F0D-3887-4809-9F08-86653D0E5B1C}.Release|Any CPU.ActiveCfg = Release|Any CPU
		{10209F0D-3887-4809-9F08-86653D0E5B1C}.Release|Any CPU.Build.0 = Release|Any CPU
		{10209F0D-3887-4809-9F08-86653D0E5B1C}.Release|Mixed Platforms.ActiveCfg = Release|Any CPU
		{10209F0D-3887-4809-9F08-86653D0E5B1C}.Release|Mixed Platforms.Build.0 = Release|Any CPU
		{10209F0D-3887-4809-9F08-86653D0E5B1C}.Release|Win32.ActiveCfg = Release|Any CPU
		{10209F0D-3887-4809-9F08-86653D0E5B1C}.Release|x86.ActiveCfg = Release|Any CPU
		{875A609B-6531-4D1A-9C95-F5A7A0E51E80}.Debug|Any CPU.ActiveCfg = Debug|Any CPU
		{875A609B-6531-4D1A-9C95-F5A7A0E51E80}.Debug|Any CPU.Build.0 = Debug|Any CPU
		{875A609B-6531-4D1A-9C95-F5A7A0E51E80}.Debug|Mixed Platforms.ActiveCfg = Debug|Any CPU
		{875A609B-6531-4D1A-9C95-F5A7A0E51E80}.Debug|Mixed Platforms.Build.0 = Debug|Any CPU
		{875A609B-6531-4D1A-9C95-F5A7A0E51E80}.Debug|Win32.ActiveCfg = Debug|Any CPU
		{875A609B-6531-4D1A-9C95-F5A7A0E51E80}.Debug|x86.ActiveCfg = Debug|Any CPU
		{875A609B-6531-4D1A-9C95-F5A7A0E51E80}.Release|Any CPU.ActiveCfg = Release|Any CPU
		{875A609B-6531-4D1A-9C95-F5A7A0E51E80}.Release|Any CPU.Build.0 = Release|Any CPU
		{875A609B-6531-4D1A-9C95-F5A7A0E51E80}.Release|Mixed Platforms.ActiveCfg = Release|Any CPU
		{875A609B-6531-4D1A-9C95-F5A7A0E51E80}.Release|Mixed Platforms.Build.0 = Release|Any CPU
		{875A609B-6531-4D1A-9C95-F5A7A0E51E80}.Release|Win32.ActiveCfg = Release|Any CPU
		{875A609B-6531-4D1A-9C95-F5A7A0E51E80}.Release|x86.ActiveCfg = Release|Any CPU
		{C3A915C4-943E-4ED8-B8F2-FC38B726C3A0}.Debug|Any CPU.ActiveCfg = Debug|Any CPU
		{C3A915C4-943E-4ED8-B8F2-FC38B726C3A0}.Debug|Any CPU.Build.0 = Debug|Any CPU
		{C3A915C4-943E-4ED8-B8F2-FC38B726C3A0}.Debug|Mixed Platforms.ActiveCfg = Debug|Any CPU
		{C3A915C4-943E-4ED8-B8F2-FC38B726C3A0}.Debug|Mixed Platforms.Build.0 = Debug|Any CPU
		{C3A915C4-943E-4ED8-B8F2-FC38B726C3A0}.Debug|Win32.ActiveCfg = Debug|Any CPU
		{C3A915C4-943E-4ED8-B8F2-FC38B726C3A0}.Debug|x86.ActiveCfg = Debug|Any CPU
		{C3A915C4-943E-4ED8-B8F2-FC38B726C3A0}.Release|Any CPU.ActiveCfg = Release|Any CPU
		{C3A915C4-943E-4ED8-B8F2-FC38B726C3A0}.Release|Any CPU.Build.0 = Release|Any CPU
		{C3A915C4-943E-4ED8-B8F2-FC38B726C3A0}.Release|Mixed Platforms.ActiveCfg = Release|Any CPU
		{C3A915C4-943E-4ED8-B8F2-FC38B726C3A0}.Release|Mixed Platforms.Build.0 = Release|Any CPU
		{C3A915C4-943E-4ED8-B8F2-FC38B726C3A0}.Release|Win32.ActiveCfg = Release|Any CPU
		{C3A915C4-943E-4ED8-B8F2-FC38B726C3A0}.Release|x86.ActiveCfg = Release|Any CPU
	EndGlobalSection
	GlobalSection(SolutionProperties) = preSolution
		HideSolutionNode = FALSE
	EndGlobalSection
EndGlobal
